Microsoft Visual Studio Solution File, Format Version 12.00
# Visual Studio Version 17
VisualStudioVersion = 17.0.31903.59
MinimumVisualStudioVersion = 10.0.40219.1
Project("{F2A71F9B-5D33-465A-A702-920D77279786}") = "FunctionalDesign.Part3", "src\FunctionalDesign.Part3.fsproj", "{E8A1F3A2-7B4C-4D5E-9F6A-1B2C3D4E5F6A}"
EndProject
Project("{F2A71F9B-5D33-465A-A702-920D77279786}") = "FunctionalDesign.Part3.Tests", "tests\FunctionalDesign.Part3.Tests.fsproj", "{A1B2C3D4-E5F6-7A8B-9C0D-1E2F3A4B5C6D}"
EndProject
Global
	GlobalSection(SolutionConfigurationPlatforms) = preSolution
		Debug|Any CPU = Debug|Any CPU
		Release|Any CPU = Release|Any CPU
	EndGlobalSection
	GlobalSection(ProjectConfigurationPlatforms) = postSolution
		{E8A1F3A2-7B4C-4D5E-9F6A-1B2C3D4E5F6A}.Debug|Any CPU.ActiveCfg = Debug|Any CPU
		{E8A1F3A2-7B4C-4D5E-9F6A-1B2C3D4E5F6A}.Debug|Any CPU.Build.0 = Debug|Any CPU
		{E8A1F3A2-7B4C-4D5E-9F6A-1B2C3D4E5F6A}.Release|Any CPU.ActiveCfg = Release|Any CPU
		{E8A1F3A2-7B4C-4D5E-9F6A-1B2C3D4E5F6A}.Release|Any CPU.Build.0 = Release|Any CPU
		{A1B2C3D4-E5F6-7A8B-9C0D-1E2F3A4B5C6D}.Debug|Any CPU.ActiveCfg = Debug|Any CPU
		{A1B2C3D4-E5F6-7A8B-9C0D-1E2F3A4B5C6D}.Debug|Any CPU.Build.0 = Debug|Any CPU
		{A1B2C3D4-E5F6-7A8B-9C0D-1E2F3A4B5C6D}.Release|Any CPU.ActiveCfg = Release|Any CPU
		{A1B2C3D4-E5F6-7A8B-9C0D-1E2F3A4B5C6D}.Release|Any CPU.Build.0 = Release|Any CPU
	EndGlobalSection
EndGlobal
