
Microsoft Visual Studio Solution File, Format Version 12.00
# Visual Studio Version 17
VisualStudioVersion = 17.0.31903.59
MinimumVisualStudioVersion = 10.0.40219.1
Project("{F2A71F9B-5D33-465A-A702-920D77279786}") = "FunctionalDesign.Part6", "src\FunctionalDesign.Part6.fsproj", "{4C7B2D6B-AC92-45F2-9A73-8065050F9FE1}"
EndProject
Project("{F2A71F9B-5D33-465A-A702-920D77279786}") = "FunctionalDesign.Part6.Tests", "tests\FunctionalDesign.Part6.Tests.fsproj", "{D9940A6D-D718-470F-B430-47EE5C438A47}"
EndProject
Global
	GlobalSection(SolutionConfigurationPlatforms) = preSolution
		Debug|Any CPU = Debug|Any CPU
		Release|Any CPU = Release|Any CPU
	EndGlobalSection
	GlobalSection(SolutionProperties) = preSolution
		HideSolutionNode = FALSE
	EndGlobalSection
	GlobalSection(ProjectConfigurationPlatforms) = postSolution
		{4C7B2D6B-AC92-45F2-9A73-8065050F9FE1}.Debug|Any CPU.ActiveCfg = Debug|Any CPU
		{4C7B2D6B-AC92-45F2-9A73-8065050F9FE1}.Debug|Any CPU.Build.0 = Debug|Any CPU
		{4C7B2D6B-AC92-45F2-9A73-8065050F9FE1}.Release|Any CPU.ActiveCfg = Release|Any CPU
		{4C7B2D6B-AC92-45F2-9A73-8065050F9FE1}.Release|Any CPU.Build.0 = Release|Any CPU
		{D9940A6D-D718-470F-B430-47EE5C438A47}.Debug|Any CPU.ActiveCfg = Debug|Any CPU
		{D9940A6D-D718-470F-B430-47EE5C438A47}.Debug|Any CPU.Build.0 = Debug|Any CPU
		{D9940A6D-D718-470F-B430-47EE5C438A47}.Release|Any CPU.ActiveCfg = Release|Any CPU
		{D9940A6D-D718-470F-B430-47EE5C438A47}.Release|Any CPU.Build.0 = Release|Any CPU
	EndGlobalSection
EndGlobal
